{
  "nodes": {
    "nixpkgs": {
      "locked": {
        "lastModified": 1791366222,
        "narHash": "sha256-o0N4g6uSOIppU7CGToNvGlMf5vC+B6O6ukFHKY/TKOY=",
        "owner": "NixOS",
        "repo": "nixpkgs",
        "rev": "39ad350a0602fa0a58a544344e3e9187526ea45c",
        "type": "github"
      },
      "original": {
        "owner": "NixOS",
        "ref": "nixpkgs-unstable",
        "repo": "nixpkgs",
        "type": "github"
      }
    },
    "provider-spec": {
      "flake": false,
      "locked": {
        "lastModified": 1788907976,
        "narHash": "sha256-o0eerxlZdatjXkv1DB5WtXD15u0e00I3R9gtxIjnj5M=",
        "owner": "roshbhatia",
        "repo": "provider-spec",
        "rev": "7a141d5bce35a4f65cdc08b10e575932b45d2707",
        "type": "github"
      },
      "original": {
        "owner": "roshbhatia",
        "ref": "v1.0.0",
        "repo": "provider-spec",
        "type": "github"
      }
    },
    "root": {
      "inputs": {
        "nixpkgs": "nixpkgs",
        "provider-spec": "provider-spec",
        "systems": "systems"
      }
    },
    "systems": {
      "locked": {
        "lastModified": 1791244623,
        "narHash": "sha256-uuanbkFk8a313Zfrxdcz8Us/yQtaxNnKJtX8v0ZPpd8=",
        "owner": "nix-systems",
        "repo": "default",
        "rev": "d36eeed142f88b5a636f2e3856a53c61654cf29b",
        "type": "github"
      },
      "original": {
        "owner": "nix-systems",
        "repo": "default",
        "type": "github"
      }
    }
  },
  "root": "root",
  "version": 7
}
